
Microsoft Visual Studio Solution File, Format Version 12.00
# Visual Studio Version 16
VisualStudioVersion = 16.0.29609.76
MinimumVisualStudioVersion = 10.0.40219.1
Project("{FAE04EC0-301F-11D3-BF4B-00C04F79EFBC}") = "Monettelli.Forms.Templates", "Monettelli.Forms.Templates\Monettelli.Forms.Templates.csproj", "{3DFFD7F9-C14C-4E03-8291-6FEB8F6FE2F6}"
EndProject
Global
	GlobalSection(SolutionConfigurationPlatforms) = preSolution
		Debug|Any CPU = Debug|Any CPU
		Release|Any CPU = Release|Any CPU
	EndGlobalSection
	GlobalSection(ProjectConfigurationPlatforms) = postSolution
		{3DFFD7F9-C14C-4E03-8291-6FEB8F6FE2F6}.Debug|Any CPU.ActiveCfg = Debug|Any CPU
		{3DFFD7F9-C14C-4E03-8291-6FEB8F6FE2F6}.Debug|Any CPU.Build.0 = Debug|Any CPU
		{3DFFD7F9-C14C-4E03-8291-6FEB8F6FE2F6}.Release|Any CPU.ActiveCfg = Release|Any CPU
		{3DFFD7F9-C14C-4E03-8291-6FEB8F6FE2F6}.Release|Any CPU.Build.0 = Release|Any CPU
	EndGlobalSection
	GlobalSection(SolutionProperties) = preSolution
		HideSolutionNode = FALSE
	EndGlobalSection
	GlobalSection(ExtensibilityGlobals) = postSolution
		SolutionGuid = {EDB41FFA-3281-4B5D-8937-454EB60E4870}
	EndGlobalSection
EndGlobal
